
Microsoft Visual Studio Solution File, Format Version 12.00
# Visual Studio Version 17
VisualStudioVersion = 17.9.34607.119
MinimumVisualStudioVersion = 10.0.40219.1
Project("{FAE04EC0-301F-11D3-BF4B-00C04F79EFBC}") = "TP_L_2", "TP_L_2\TP_L_2.csproj", "{4C552533-C408-4E39-ABB7-FB844AA982C5}"
EndProject
Global
	GlobalSection(SolutionConfigurationPlatforms) = preSolution
		Debug|Any CPU = Debug|Any CPU
		Release|Any CPU = Release|Any CPU
	EndGlobalSection
	GlobalSection(ProjectConfigurationPlatforms) = postSolution
		{4C552533-C408-4E39-ABB7-FB844AA982C5}.Debug|Any CPU.ActiveCfg = Debug|Any CPU
		{4C552533-C408-4E39-ABB7-FB844AA982C5}.Debug|Any CPU.Build.0 = Debug|Any CPU
		{4C552533-C408-4E39-ABB7-FB844AA982C5}.Release|Any CPU.ActiveCfg = Release|Any CPU
		{4C552533-C408-4E39-ABB7-FB844AA982C5}.Release|Any CPU.Build.0 = Release|Any CPU
	EndGlobalSection
	GlobalSection(SolutionProperties) = preSolution
		HideSolutionNode = FALSE
	EndGlobalSection
	GlobalSection(ExtensibilityGlobals) = postSolution
		SolutionGuid = {5399E35F-BF08-4C73-B652-6E0D597558D8}
	EndGlobalSection
EndGlobal
